// !$*UTF8*$!
{
	archiveVersion = 1;
	classes = {
	};
	objectVersion = 46;
	objects = {

/* Begin PBXBuildFile section */
		8F8F1AAE195564AD0071835F /* AppDelegate.swift in Sources */ = {isa = PBXBuildFile; fileRef = 8F8F1AAD195564AD0071835F /* AppDelegate.swift */; };
		8F8F1AB0195564AD0071835F /* ViewController.swift in Sources */ = {isa = PBXBuildFile; fileRef = 8F8F1AAF195564AD0071835F /* ViewController.swift */; };
		8F8F1AB3195564AD0071835F /* Main.storyboard in Resources */ = {isa = PBXBuildFile; fileRef = 8F8F1AB1195564AD0071835F /* Main.storyboard */; };
		8F8F1AB5195564AD0071835F /* Images.xcassets in Resources */ = {isa = PBXBuildFile; fileRef = 8F8F1AB4195564AD0071835F /* Images.xcassets */; };
		8F8F1AC1195564AD0071835F /* ToDoListSwiftTests.swift in Sources */ = {isa = PBXBuildFile; fileRef = 8F8F1AC0195564AD0071835F /* ToDoListSwiftTests.swift */; };
		8F8F1ACB1955F8FE0071835F /* ToDoListController.swift in Sources */ = {isa = PBXBuildFile; fileRef = 8F8F1ACA1955F8FE0071835F /* ToDoListController.swift */; };
/* End PBXBuildFile section */

/* Begin PBXContainerItemProxy section */
		8F8F1ABB195564AD0071835F /* PBXContainerItemProxy */ = {
			isa = PBXContainerItemProxy;
			containerPortal = 8F8F1AA0195564AD0071835F /* Project object */;
			proxyType = 1;
			remoteGlobalIDString = 8F8F1AA7195564AD0071835F;
			remoteInfo = ToDoListSwift;
		};
/* End PBXContainerItemProxy section */

/* Begin PBXFileReference section */
		8F8F1AA8195564AD0071835F /* ToDoListSwift.app */ = {isa = PBXFileReference; explicitFileType = wrapper.application; includeInIndex = 0; path = ToDoListSwift.app; sourceTree = BUILT_PRODUCTS_DIR; };
		8F8F1AAC195564AD0071835F /* Info.plist */ = {isa = PBXFileReference; lastKnownFileType = text.plist.xml; path = Info.plist; sourceTree = "<group>"; };
		8F8F1AAD195564AD0071835F /* AppDelegate.swift */ = {isa = PBXFileReference; lastKnownFileType = sourcecode.swift; path = AppDelegate.swift; sourceTree = "<group>"; };
		8F8F1AAF195564AD0071835F /* ViewController.swift */ = {isa = PBXFileReference; lastKnownFileType = sourcecode.swift; path = ViewController.swift; sourceTree = "<group>"; };
		8F8F1AB2195564AD0071835F /* Base */ = {isa = PBXFileReference; lastKnownFileType = file.storyboard; name = Base; path = Base.lproj/Main.storyboard; sourceTree = "<group>"; };
		8F8F1AB4195564AD0071835F /* Images.xcassets */ = {isa = PBXFileReference; lastKnownFileType = folder.assetcatalog; path = Images.xcassets; sourceTree = "<group>"; };
		8F8F1ABA195564AD0071835F /* ToDoListSwiftTests.xctest */ = {isa = PBXFileReference; explicitFileType = wrapper.cfbundle; includeInIndex = 0; path = ToDoListSwiftTests.xctest; sourceTree = BUILT_PRODUCTS_DIR; };
		8F8F1ABF195564AD0071835F /* Info.plist */ = {isa = PBXFileReference; lastKnownFileType = text.plist.xml; path = Info.plist; sourceTree = "<group>"; };
		8F8F1AC0195564AD0071835F /* ToDoListSwiftTests.swift */ = {isa = PBXFileReference; lastKnownFileType = sourcecode.swift; path = ToDoListSwiftTests.swift; sourceTree = "<group>"; };
		8F8F1ACA1955F8FE0071835F /* ToDoListController.swift */ = {isa = PBXFileReference; fileEncoding = 4; lastKnownFileType = sourcecode.swift; path = ToDoListController.swift; sourceTree = "<group>"; };
		8F8F1ACD1956AD7F0071835F /* ToDoListController.h */ = {isa = PBXFileReference; lastKnownFileType = sourcecode.c.h; path = ToDoListController.h; sourceTree = "<group>"; };
/* End PBXFileReference section */

/* Begin PBXFrameworksBuildPhase section */
		8F8F1AA5195564AD0071835F /* Frameworks */ = {
			isa = PBXFrameworksBuildPhase;
			buildActionMask = 2147483647;
			files = (
			);
			runOnlyForDeploymentPostprocessing = 0;
		};
		8F8F1AB7195564AD0071835F /* Frameworks */ = {
			isa = PBXFrameworksBuildPhase;
			buildActionMask = 2147483647;
			files = (
			);
			runOnlyForDeploymentPostprocessing = 0;
		};
/* End PBXFrameworksBuildPhase section */

/* Begin PBXGroup section */
		8F8F1A9F195564AD0071835F = {
			isa = PBXGroup;
			children = (
				8F8F1AAA195564AD0071835F /* ToDoListSwift */,
				8F8F1ABD195564AD0071835F /* ToDoListSwiftTests */,
				8F8F1AA9195564AD0071835F /* Products */,
			);
			sourceTree = "<group>";
		};
		8F8F1AA9195564AD0071835F /* Products */ = {
			isa = PBXGroup;
			children = (
				8F8F1AA8195564AD0071835F /* ToDoListSwift.app */,
				8F8F1ABA195564AD0071835F /* ToDoListSwiftTests.xctest */,
			);
			name = Products;
			sourceTree = "<group>";
		};
		8F8F1AAA195564AD0071835F /* ToDoListSwift */ = {
			isa = PBXGroup;
			children = (
				8F8F1ACD1956AD7F0071835F /* ToDoListController.h */,
				8F8F1AAD195564AD0071835F /* AppDelegate.swift */,
				8F8F1AAF195564AD0071835F /* ViewController.swift */,
				8F8F1AB1195564AD0071835F /* Main.storyboard */,
				8F8F1AB4195564AD0071835F /* Images.xcassets */,
				8F8F1AAB195564AD0071835F /* Supporting Files */,
				8F8F1ACA1955F8FE0071835F /* ToDoListController.swift */,
			);
			path = ToDoListSwift;
			sourceTree = "<group>";
		};
		8F8F1AAB195564AD0071835F /* Supporting Files */ = {
			isa = PBXGroup;
			children = (
				8F8F1AAC195564AD0071835F /* Info.plist */,
			);
			name = "Supporting Files";
			sourceTree = "<group>";
		};
		8F8F1ABD195564AD0071835F /* ToDoListSwiftTests */ = {
			isa = PBXGroup;
			children = (
				8F8F1AC0195564AD0071835F /* ToDoListSwiftTests.swift */,
				8F8F1ABE195564AD0071835F /* Supporting Files */,
			);
			path = ToDoListSwiftTests;
			sourceTree = "<group>";
		};
		8F8F1ABE195564AD0071835F /* Supporting Files */ = {
			isa = PBXGroup;
			children = (
				8F8F1ABF195564AD0071835F /* Info.plist */,
			);
			name = "Supporting Files";
			sourceTree = "<group>";
		};
/* End PBXGroup section */

/* Begin PBXNativeTarget section */
		8F8F1AA7195564AD0071835F /* ToDoListSwift */ = {
			isa = PBXNativeTarget;
			buildConfigurationList = 8F8F1AC4195564AD0071835F /* Build configuration list for PBXNativeTarget "ToDoListSwift" */;
			buildPhases = (
				8F8F1AA4195564AD0071835F /* Sources */,
				8F8F1AA5195564AD0071835F /* Frameworks */,
				8F8F1AA6195564AD0071835F /* Resources */,
			);
			buildRules = (
			);
			dependencies = (
			);
			name = ToDoListSwift;
			productName = ToDoListSwift;
			productReference = 8F8F1AA8195564AD0071835F /* ToDoListSwift.app */;
			productType = "com.apple.product-type.application";
		};
		8F8F1AB9195564AD0071835F /* ToDoListSwiftTests */ = {
			isa = PBXNativeTarget;
			buildConfigurationList = 8F8F1AC7195564AD0071835F /* Build configuration list for PBXNativeTarget "ToDoListSwiftTests" */;
			buildPhases = (
				8F8F1AB6195564AD0071835F /* Sources */,
				8F8F1AB7195564AD0071835F /* Frameworks */,
				8F8F1AB8195564AD0071835F /* Resources */,
			);
			buildRules = (
			);
			dependencies = (
				8F8F1ABC195564AD0071835F /* PBXTargetDependency */,
			);
			name = ToDoListSwiftTests;
			productName = ToDoListSwiftTests;
			productReference = 8F8F1ABA195564AD0071835F /* ToDoListSwiftTests.xctest */;
			productType = "com.apple.product-type.bundle.unit-test";
		};
/* End PBXNativeTarget section */

/* Begin PBXProject section */
		8F8F1AA0195564AD0071835F /* Project object */ = {
			isa = PBXProject;
			attributes = {
				LastUpgradeCheck = 0600;
				ORGANIZATIONNAME = "Eamonn de Leastar";
				TargetAttributes = {
					8F8F1AA7195564AD0071835F = {
						CreatedOnToolsVersion = 6.0;
					};
					8F8F1AB9195564AD0071835F = {
						CreatedOnToolsVersion = 6.0;
						TestTargetID = 8F8F1AA7195564AD0071835F;
					};
				};
			};
			buildConfigurationList = 8F8F1AA3195564AD0071835F /* Build configuration list for PBXProject "ToDoListSwift" */;
			compatibilityVersion = "Xcode 3.2";
			developmentRegion = English;
			hasScannedForEncodings = 0;
			knownRegions = (
				en,
				Base,
			);
			mainGroup = 8F8F1A9F195564AD0071835F;
			productRefGroup = 8F8F1AA9195564AD0071835F /* Products */;
			projectDirPath = "";
			projectRoot = "";
			targets = (
				8F8F1AA7195564AD0071835F /* ToDoListSwift */,
				8F8F1AB9195564AD0071835F /* ToDoListSwiftTests */,
			);
		};
/* End PBXProject section */

/* Begin PBXResourcesBuildPhase section */
		8F8F1AA6195564AD0071835F /* Resources */ = {
			isa = PBXResourcesBuildPhase;
			buildActionMask = 2147483647;
			files = (
				8F8F1AB3195564AD0071835F /* Main.storyboard in Resources */,
				8F8F1AB5195564AD0071835F /* Images.xcassets in Resources */,
			);
			runOnlyForDeploymentPostprocessing = 0;
		};
		8F8F1AB8195564AD0071835F /* Resources */ = {
			isa = PBXResourcesBuildPhase;
			buildActionMask = 2147483647;
			files = (
			);
			runOnlyForDeploymentPostprocessing = 0;
		};
/* End PBXResourcesBuildPhase section */

/* Begin PBXSourcesBuildPhase section */
		8F8F1AA4195564AD0071835F /* Sources */ = {
			isa = PBXSourcesBuildPhase;
			buildActionMask = 2147483647;
			files = (
				8F8F1ACB1955F8FE0071835F /* ToDoListController.swift in Sources */,
				8F8F1AB0195564AD0071835F /* ViewController.swift in Sources */,
				8F8F1AAE195564AD0071835F /* AppDelegate.swift in Sources */,
			);
			runOnlyForDeploymentPostprocessing = 0;
		};
		8F8F1AB6195564AD0071835F /* Sources */ = {
			isa = PBXSourcesBuildPhase;
			buildActionMask = 2147483647;
			files = (
				8F8F1AC1195564AD0071835F /* ToDoListSwiftTests.swift in Sources */,
			);
			runOnlyForDeploymentPostprocessing = 0;
		};
/* End PBXSourcesBuildPhase section */

/* Begin PBXTargetDependency section */
		8F8F1ABC195564AD0071835F /* PBXTargetDependency */ = {
			isa = PBXTargetDependency;
			target = 8F8F1AA7195564AD0071835F /* ToDoListSwift */;
			targetProxy = 8F8F1ABB195564AD0071835F /* PBXContainerItemProxy */;
		};
/* End PBXTargetDependency section */

/* Begin PBXVariantGroup section */
		8F8F1AB1195564AD0071835F /* Main.storyboard */ = {
			isa = PBXVariantGroup;
			children = (
				8F8F1AB2195564AD0071835F /* Base */,
			);
			name = Main.storyboard;
			sourceTree = "<group>";
		};
/* End PBXVariantGroup section */

/* Begin XCBuildConfiguration section */
		8F8F1AC2195564AD0071835F /* Debug */ = {
			isa = XCBuildConfiguration;
			buildSettings = {
				ALWAYS_SEARCH_USER_PATHS = NO;
				CLANG_CXX_LANGUAGE_STANDARD = "gnu++0x";
				CLANG_CXX_LIBRARY = "libc++";
				CLANG_ENABLE_MODULES = YES;
				CLANG_ENABLE_OBJC_ARC = YES;
				CLANG_WARN_BOOL_CONVERSION = YES;
				CLANG_WARN_CONSTANT_CONVERSION = YES;
				CLANG_WARN_DIRECT_OBJC_ISA_USAGE = YES_ERROR;
				CLANG_WARN_EMPTY_BODY = YES;
				CLANG_WARN_ENUM_CONVERSION = YES;
				CLANG_WARN_INT_CONVERSION = YES;
				CLANG_WARN_OBJC_ROOT_CLASS = YES_ERROR;
				CLANG_WARN_UNREACHABLE_CODE = YES;
				CLANG_WARN__DUPLICATE_METHOD_MATCH = YES;
				"CODE_SIGN_IDENTITY[sdk=iphoneos*]" = "iPhone Developer";
				COPY_PHASE_STRIP = NO;
				ENABLE_STRICT_OBJC_MSGSEND = YES;
				GCC_C_LANGUAGE_STANDARD = gnu99;
				GCC_DYNAMIC_NO_PIC = NO;
				GCC_OPTIMIZATION_LEVEL = 0;
				GCC_PREPROCESSOR_DEFINITIONS = (
					"DEBUG=1",
					"$(inherited)",
				);
				GCC_SYMBOLS_PRIVATE_EXTERN = NO;
				GCC_WARN_64_TO_32_BIT_CONVERSION = YES;
				GCC_WARN_ABOUT_RETURN_TYPE = YES_ERROR;
				GCC_WARN_UNDECLARED_SELECTOR = YES;
				GCC_WARN_UNINITIALIZED_AUTOS = YES_AGGRESSIVE;
				GCC_WARN_UNUSED_FUNCTION = YES;
				GCC_WARN_UNUSED_VARIABLE = YES;
				IPHONEOS_DEPLOYMENT_TARGET = 8.0;
				METAL_ENABLE_DEBUG_INFO = YES;
				ONLY_ACTIVE_ARCH = YES;
				SDKROOT = iphoneos;
				SWIFT_OPTIMIZATION_LEVEL = "-Onone";
			};
			name = Debug;
		};
		8F8F1AC3195564AD0071835F /* Release */ = {
			isa = XCBuildConfiguration;
			buildSettings = {
				ALWAYS_SEARCH_USER_PATHS = NO;
				CLANG_CXX_LANGUAGE_STANDARD = "gnu++0x";
				CLANG_CXX_LIBRARY = "libc++";
				CLANG_ENABLE_MODULES = YES;
				CLANG_ENABLE_OBJC_ARC = YES;
				CLANG_WARN_BOOL_CONVERSION = YES;
				CLANG_WARN_CONSTANT_CONVERSION = YES;
				CLANG_WARN_DIRECT_OBJC_ISA_USAGE = YES_ERROR;
				CLANG_WARN_EMPTY_BODY = YES;
				CLANG_WARN_ENUM_CONVERSION = YES;
				CLANG_WARN_INT_CONVERSION = YES;
				CLANG_WARN_OBJC_ROOT_CLASS = YES_ERROR;
				CLANG_WARN_UNREACHABLE_CODE = YES;
				CLANG_WARN__DUPLICATE_METHOD_MATCH = YES;
				"CODE_SIGN_IDENTITY[sdk=iphoneos*]" = "iPhone Developer";
				COPY_PHASE_STRIP = YES;
				ENABLE_NS_ASSERTIONS = NO;
				ENABLE_STRICT_OBJC_MSGSEND = YES;
				GCC_C_LANGUAGE_STANDARD = gnu99;
				GCC_WARN_64_TO_32_BIT_CONVERSION = YES;
				GCC_WARN_ABOUT_RETURN_TYPE = YES_ERROR;
				GCC_WARN_UNDECLARED_SELECTOR = YES;
				GCC_WARN_UNINITIALIZED_AUTOS = YES_AGGRESSIVE;
				GCC_WARN_UNUSED_FUNCTION = YES;
				GCC_WARN_UNUSED_VARIABLE = YES;
				IPHONEOS_DEPLOYMENT_TARGET = 8.0;
				METAL_ENABLE_DEBUG_INFO = NO;
				SDKROOT = iphoneos;
				VALIDATE_PRODUCT = YES;
			};
			name = Release;
		};
		8F8F1AC5195564AD0071835F /* Debug */ = {
			isa = XCBuildConfiguration;
			buildSettings = {
				ASSETCATALOG_COMPILER_APPICON_NAME = AppIcon;
				ASSETCATALOG_COMPILER_LAUNCHIMAGE_NAME = LaunchImage;
				INFOPLIST_FILE = ToDoListSwift/Info.plist;
				LD_RUNPATH_SEARCH_PATHS = "$(inherited) @executable_path/Frameworks";
				PRODUCT_NAME = "$(TARGET_NAME)";
			};
			name = Debug;
		};
		8F8F1AC6195564AD0071835F /* Release */ = {
			isa = XCBuildConfiguration;
			buildSettings = {
				ASSETCATALOG_COMPILER_APPICON_NAME = AppIcon;
				ASSETCATALOG_COMPILER_LAUNCHIMAGE_NAME = LaunchImage;
				INFOPLIST_FILE = ToDoListSwift/Info.plist;
				LD_RUNPATH_SEARCH_PATHS = "$(inherited) @executable_path/Frameworks";
				PRODUCT_NAME = "$(TARGET_NAME)";
			};
			name = Release;
		};
		8F8F1AC8195564AD0071835F /* Debug */ = {
			isa = XCBuildConfiguration;
			buildSettings = {
				BUNDLE_LOADER = "$(BUILT_PRODUCTS_DIR)/ToDoListSwift.app/ToDoListSwift";
				FRAMEWORK_SEARCH_PATHS = (
					"$(SDKROOT)/Developer/Library/Frameworks",
					"$(inherited)",
				);
				GCC_PREPROCESSOR_DEFINITIONS = (
					"DEBUG=1",
					"$(inherited)",
				);
				INFOPLIST_FILE = ToDoListSwiftTests/Info.plist;
				LD_RUNPATH_SEARCH_PATHS = "$(inherited) @executable_path/Frameworks @loader_path/Frameworks";
				METAL_ENABLE_DEBUG_INFO = YES;
				PRODUCT_NAME = "$(TARGET_NAME)";
				TEST_HOST = "$(BUNDLE_LOADER)";
			};
			name = Debug;
		};
		8F8F1AC9195564AD0071835F /* Release */ = {
			isa = XCBuildConfiguration;
			buildSettings = {
				BUNDLE_LOADER = "$(BUILT_PRODUCTS_DIR)/ToDoListSwift.app/ToDoListSwift";
				FRAMEWORK_SEARCH_PATHS = (
					"$(SDKROOT)/Developer/Library/Frameworks",
					"$(inherited)",
				);
				INFOPLIST_FILE = ToDoListSwiftTests/Info.plist;
				LD_RUNPATH_SEARCH_PATHS = "$(inherited) @executable_path/Frameworks @loader_path/Frameworks";
				METAL_ENABLE_DEBUG_INFO = NO;
				PRODUCT_NAME = "$(TARGET_NAME)";
				TEST_HOST = "$(BUNDLE_LOADER)";
			};
			name = Release;
		};
/* End XCBuildConfiguration section */

/* Begin XCConfigurationList section */
		8F8F1AA3195564AD0071835F /* Build configuration list for PBXProject "ToDoListSwift" */ = {
			isa = XCConfigurationList;
			buildConfigurations = (
				8F8F1AC2195564AD0071835F /* Debug */,
				8F8F1AC3195564AD0071835F /* Release */,
			);
			defaultConfigurationIsVisible = 0;
			defaultConfigurationName = Release;
		};
		8F8F1AC4195564AD0071835F /* Build configuration list for PBXNativeTarget "ToDoListSwift" */ = {
			isa = XCConfigurationList;
			buildConfigurations = (
				8F8F1AC5195564AD0071835F /* Debug */,
				8F8F1AC6195564AD0071835F /* Release */,
			);
			defaultConfigurationIsVisible = 0;
		};
		8F8F1AC7195564AD0071835F /* Build configuration list for PBXNativeTarget "ToDoListSwiftTests" */ = {
			isa = XCConfigurationList;
			buildConfigurations = (
				8F8F1AC8195564AD0071835F /* Debug */,
				8F8F1AC9195564AD0071835F /* Release */,
			);
			defaultConfigurationIsVisible = 0;
		};
/* End XCConfigurationList section */
	};
	rootObject = 8F8F1AA0195564AD0071835F /* Project object */;
}
